
Microsoft Visual Studio Solution File, Format Version 12.00
# Visual Studio 15
VisualStudioVersion = 15.0.28010.2041
MinimumVisualStudioVersion = 10.0.40219.1
Project("{FAE04EC0-301F-11D3-BF4B-00C04F79EFBC}") = "KeyFinder.Android", "KeyFinder\KeyFinder.Android\KeyFinder.Android.csproj", "{D4692F6F-CAD6-4DD8-88DF-E58AB01EB8A8}"
EndProject
Project("{FAE04EC0-301F-11D3-BF4B-00C04F79EFBC}") = "KeyFinder.iOS", "KeyFinder\KeyFinder.iOS\KeyFinder.iOS.csproj", "{D9E85E2F-410E-4D8D-A78E-019CF6086E53}"
EndProject
Project("{FAE04EC0-301F-11D3-BF4B-00C04F79EFBC}") = "KeyFinder.UWP", "KeyFinder\KeyFinder.UWP\KeyFinder.UWP.csproj", "{A1FBCDDF-7D9A-4E83-85AB-28EC76F0B640}"
EndProject
Project("{FAE04EC0-301F-11D3-BF4B-00C04F79EFBC}") = "KeyFinder", "KeyFinder\KeyFinder\KeyFinder.csproj", "{D2A74800-56CC-425E-834E-CCBC9D069B7E}"
EndProject
Global
	GlobalSection(SolutionConfigurationPlatforms) = preSolution
		Ad-Hoc|Any CPU = Ad-Hoc|Any CPU
		Ad-Hoc|ARM = Ad-Hoc|ARM
		Ad-Hoc|iPhone = Ad-Hoc|iPhone
		Ad-Hoc|iPhoneSimulator = Ad-Hoc|iPhoneSimulator
		Ad-Hoc|x64 = Ad-Hoc|x64
		Ad-Hoc|x86 = Ad-Hoc|x86
		AppStore|Any CPU = AppStore|Any CPU
		AppStore|ARM = AppStore|ARM
		AppStore|iPhone = AppStore|iPhone
		AppStore|iPhoneSimulator = AppStore|iPhoneSimulator
		AppStore|x64 = AppStore|x64
		AppStore|x86 = AppStore|x86
		Debug|Any CPU = Debug|Any CPU
		Debug|ARM = Debug|ARM
		Debug|iPhone = Debug|iPhone
		Debug|iPhoneSimulator = Debug|iPhoneSimulator
		Debug|x64 = Debug|x64
		Debug|x86 = Debug|x86
		Release|Any CPU = Release|Any CPU
		Release|ARM = Release|ARM
		Release|iPhone = Release|iPhone
		Release|iPhoneSimulator = Release|iPhoneSimulator
		Release|x64 = Release|x64
		Release|x86 = Release|x86
	EndGlobalSection
	GlobalSection(ProjectConfigurationPlatforms) = postSolution
		{D4692F6F-CAD6-4DD8-88DF-E58AB01EB8A8}.Ad-Hoc|Any CPU.ActiveCfg = Release|Any CPU
		{D4692F6F-CAD6-4DD8-88DF-E58AB01EB8A8}.Ad-Hoc|Any CPU.Build.0 = Release|Any CPU
		{D4692F6F-CAD6-4DD8-88DF-E58AB01EB8A8}.Ad-Hoc|Any CPU.Deploy.0 = Release|Any CPU
		{D4692F6F-CAD6-4DD8-88DF-E58AB01EB8A8}.Ad-Hoc|ARM.ActiveCfg = Release|Any CPU
		{D4692F6F-CAD6-4DD8-88DF-E58AB01EB8A8}.Ad-Hoc|ARM.Build.0 = Release|Any CPU
		{D4692F6F-CAD6-4DD8-88DF-E58AB01EB8A8}.Ad-Hoc|ARM.Deploy.0 = Release|Any CPU
		{D4692F6F-CAD6-4DD8-88DF-E58AB01EB8A8}.Ad-Hoc|iPhone.ActiveCfg = Release|Any CPU
		{D4692F6F-CAD6-4DD8-88DF-E58AB01EB8A8}.Ad-Hoc|iPhone.Build.0 = Release|Any CPU
		{D4692F6F-CAD6-4DD8-88DF-E58AB01EB8A8}.Ad-Hoc|iPhone.Deploy.0 = Release|Any CPU
		{D4692F6F-CAD6-4DD8-88DF-E58AB01EB8A8}.Ad-Hoc|iPhoneSimulator.ActiveCfg = Release|Any CPU
		{D4692F6F-CAD6-4DD8-88DF-E58AB01EB8A8}.Ad-Hoc|iPhoneSimulator.Build.0 = Release|Any CPU
		{D4692F6F-CAD6-4DD8-88DF-E58AB01EB8A8}.Ad-Hoc|iPhoneSimulator.Deploy.0 = Release|Any CPU
		{D4692F6F-CAD6-4DD8-88DF-E58AB01EB8A8}.Ad-Hoc|x64.ActiveCfg = Release|Any CPU
		{D4692F6F-CAD6-4DD8-88DF-E58AB01EB8A8}.Ad-Hoc|x64.Build.0 = Release|Any CPU
		{D4692F6F-CAD6-4DD8-88DF-E58AB01EB8A8}.Ad-Hoc|x64.Deploy.0 = Release|Any CPU
		{D4692F6F-CAD6-4DD8-88DF-E58AB01EB8A8}.Ad-Hoc|x86.ActiveCfg = Release|Any CPU
		{D4692F6F-CAD6-4DD8-88DF-E58AB01EB8A8}.Ad-Hoc|x86.Build.0 = Release|Any CPU
		{D4692F6F-CAD6-4DD8-88DF-E58AB01EB8A8}.Ad-Hoc|x86.Deploy.0 = Release|Any CPU
		{D4692F6F-CAD6-4DD8-88DF-E58AB01EB8A8}.AppStore|Any CPU.ActiveCfg = Release|Any CPU
		{D4692F6F-CAD6-4DD8-88DF-E58AB01EB8A8}.AppStore|Any CPU.Build.0 = Release|Any CPU
		{D4692F6F-CAD6-4DD8-88DF-E58AB01EB8A8}.AppStore|Any CPU.Deploy.0 = Release|Any CPU
		{D4692F6F-CAD6-4DD8-88DF-E58AB01EB8A8}.AppStore|ARM.ActiveCfg = Release|Any CPU
		{D4692F6F-CAD6-4DD8-88DF-E58AB01EB8A8}.AppStore|ARM.Build.0 = Release|Any CPU
		{D4692F6F-CAD6-4DD8-88DF-E58AB01EB8A8}.AppStore|ARM.Deploy.0 = Release|Any CPU
		{D4692F6F-CAD6-4DD8-88DF-E58AB01EB8A8}.AppStore|iPhone.ActiveCfg = Release|Any CPU
		{D4692F6F-CAD6-4DD8-88DF-E58AB01EB8A8}.AppStore|iPhone.Build.0 = Release|Any CPU
		{D4692F6F-CAD6-4DD8-88DF-E58AB01EB8A8}.AppStore|iPhone.Deploy.0 = Release|Any CPU
		{D4692F6F-CAD6-4DD8-88DF-E58AB01EB8A8}.AppStore|iPhoneSimulator.ActiveCfg = Release|Any CPU
		{D4692F6F-CAD6-4DD8-88DF-E58AB01EB8A8}.AppStore|iPhoneSimulator.Build.0 = Release|Any CPU
		{D4692F6F-CAD6-4DD8-88DF-E58AB01EB8A8}.AppStore|iPhoneSimulator.Deploy.0 = Release|Any CPU
		{D4692F6F-CAD6-4DD8-88DF-E58AB01EB8A8}.AppStore|x64.ActiveCfg = Release|Any CPU
		{D4692F6F-CAD6-4DD8-88DF-E58AB01EB8A8}.AppStore|x64.Build.0 = Release|Any CPU
		{D4692F6F-CAD6-4DD8-88DF-E58AB01EB8A8}.AppStore|x64.Deploy.0 = Release|Any CPU
		{D4692F6F-CAD6-4DD8-88DF-E58AB01EB8A8}.AppStore|x86.ActiveCfg = Release|Any CPU
		{D4692F6F-CAD6-4DD8-88DF-E58AB01EB8A8}.AppStore|x86.Build.0 = Release|Any CPU
		{D4692F6F-CAD6-4DD8-88DF-E58AB01EB8A8}.AppStore|x86.Deploy.0 = Release|Any CPU
		{D4692F6F-CAD6-4DD8-88DF-E58AB01EB8A8}.Debug|Any CPU.ActiveCfg = Debug|Any CPU
		{D4692F6F-CAD6-4DD8-88DF-E58AB01EB8A8}.Debug|Any CPU.Build.0 = Debug|Any CPU
		{D4692F6F-CAD6-4DD8-88DF-E58AB01EB8A8}.Debug|Any CPU.Deploy.0 = Debug|Any CPU
		{D4692F6F-CAD6-4DD8-88DF-E58AB01EB8A8}.Debug|ARM.ActiveCfg = Debug|Any CPU
		{D4692F6F-CAD6-4DD8-88DF-E58AB01EB8A8}.Debug|ARM.Build.0 = Debug|Any CPU
		{D4692F6F-CAD6-4DD8-88DF-E58AB01EB8A8}.Debug|ARM.Deploy.0 = Debug|Any CPU
		{D4692F6F-CAD6-4DD8-88DF-E58AB01EB8A8}.Debug|iPhone.ActiveCfg = Debug|Any CPU
		{D4692F6F-CAD6-4DD8-88DF-E58AB01EB8A8}.Debug|iPhone.Build.0 = Debug|Any CPU
		{D4692F6F-CAD6-4DD8-88DF-E58AB01EB8A8}.Debug|iPhone.Deploy.0 = Debug|Any CPU
		{D4692F6F-CAD6-4DD8-88DF-E58AB01EB8A8}.Debug|iPhoneSimulator.ActiveCfg = Debug|Any CPU
		{D4692F6F-CAD6-4DD8-88DF-E58AB01EB8A8}.Debug|iPhoneSimulator.Build.0 = Debug|Any CPU
		{D4692F6F-CAD6-4DD8-88DF-E58AB01EB8A8}.Debug|iPhoneSimulator.Deploy.0 = Debug|Any CPU
		{D4692F6F-CAD6-4DD8-88DF-E58AB01EB8A8}.Debug|x64.ActiveCfg = Debug|Any CPU
		{D4692F6F-CAD6-4DD8-88DF-E58AB01EB8A8}.Debug|x64.Build.0 = Debug|Any CPU
		{D4692F6F-CAD6-4DD8-88DF-E58AB01EB8A8}.Debug|x64.Deploy.0 = Debug|Any CPU
		{D4692F6F-CAD6-4DD8-88DF-E58AB01EB8A8}.Debug|x86.ActiveCfg = Debug|Any CPU
		{D4692F6F-CAD6-4DD8-88DF-E58AB01EB8A8}.Debug|x86.Build.0 = Debug|Any CPU
		{D4692F6F-CAD6-4DD8-88DF-E58AB01EB8A8}.Debug|x86.Deploy.0 = Debug|Any CPU
		{D4692F6F-CAD6-4DD8-88DF-E58AB01EB8A8}.Release|Any CPU.ActiveCfg = Release|Any CPU
		{D4692F6F-CAD6-4DD8-88DF-E58AB01EB8A8}.Release|Any CPU.Build.0 = Release|Any CPU
		{D4692F6F-CAD6-4DD8-88DF-E58AB01EB8A8}.Release|Any CPU.Deploy.0 = Release|Any CPU
		{D4692F6F-CAD6-4DD8-88DF-E58AB01EB8A8}.Release|ARM.ActiveCfg = Release|Any CPU
		{D4692F6F-CAD6-4DD8-88DF-E58AB01EB8A8}.Release|ARM.Build.0 = Release|Any CPU
		{D4692F6F-CAD6-4DD8-88DF-E58AB01EB8A8}.Release|ARM.Deploy.0 = Release|Any CPU
		{D4692F6F-CAD6-4DD8-88DF-E58AB01EB8A8}.Release|iPhone.ActiveCfg = Release|Any CPU
		{D4692F6F-CAD6-4DD8-88DF-E58AB01EB8A8}.Release|iPhone.Build.0 = Release|Any CPU
		{D4692F6F-CAD6-4DD8-88DF-E58AB01EB8A8}.Release|iPhone.Deploy.0 = Release|Any CPU
		{D4692F6F-CAD6-4DD8-88DF-E58AB01EB8A8}.Release|iPhoneSimulator.ActiveCfg = Release|Any CPU
		{D4692F6F-CAD6-4DD8-88DF-E58AB01EB8A8}.Release|iPhoneSimulator.Build.0 = Release|Any CPU
		{D4692F6F-CAD6-4DD8-88DF-E58AB01EB8A8}.Release|iPhoneSimulator.Deploy.0 = Release|Any CPU
		{D4692F6F-CAD6-4DD8-88DF-E58AB01EB8A8}.Release|x64.ActiveCfg = Release|Any CPU
		{D4692F6F-CAD6-4DD8-88DF-E58AB01EB8A8}.Release|x64.Build.0 = Release|Any CPU
		{D4692F6F-CAD6-4DD8-88DF-E58AB01EB8A8}.Release|x64.Deploy.0 = Release|Any CPU
		{D4692F6F-CAD6-4DD8-88DF-E58AB01EB8A8}.Release|x86.ActiveCfg = Release|Any CPU
		{D4692F6F-CAD6-4DD8-88DF-E58AB01EB8A8}.Release|x86.Build.0 = Release|Any CPU
		{D4692F6F-CAD6-4DD8-88DF-E58AB01EB8A8}.Release|x86.Deploy.0 = Release|Any CPU
		{D9E85E2F-410E-4D8D-A78E-019CF6086E53}.Ad-Hoc|Any CPU.ActiveCfg = Ad-Hoc|iPhone
		{D9E85E2F-410E-4D8D-A78E-019CF6086E53}.Ad-Hoc|Any CPU.Build.0 = Ad-Hoc|iPhone
		{D9E85E2F-410E-4D8D-A78E-019CF6086E53}.Ad-Hoc|Any CPU.Deploy.0 = Ad-Hoc|iPhone
		{D9E85E2F-410E-4D8D-A78E-019CF6086E53}.Ad-Hoc|ARM.ActiveCfg = Ad-Hoc|iPhone
		{D9E85E2F-410E-4D8D-A78E-019CF6086E53}.Ad-Hoc|ARM.Build.0 = Ad-Hoc|iPhone
		{D9E85E2F-410E-4D8D-A78E-019CF6086E53}.Ad-Hoc|ARM.Deploy.0 = Ad-Hoc|iPhone
		{D9E85E2F-410E-4D8D-A78E-019CF6086E53}.Ad-Hoc|iPhone.ActiveCfg = Ad-Hoc|iPhone
		{D9E85E2F-410E-4D8D-A78E-019CF6086E53}.Ad-Hoc|iPhone.Build.0 = Ad-Hoc|iPhone
		{D9E85E2F-410E-4D8D-A78E-019CF6086E53}.Ad-Hoc|iPhone.Deploy.0 = Ad-Hoc|iPhone
		{D9E85E2F-410E-4D8D-A78E-019CF6086E53}.Ad-Hoc|iPhoneSimulator.ActiveCfg = Ad-Hoc|iPhoneSimulator
		{D9E85E2F-410E-4D8D-A78E-019CF6086E53}.Ad-Hoc|iPhoneSimulator.Build.0 = Ad-Hoc|iPhoneSimulator
		{D9E85E2F-410E-4D8D-A78E-019CF6086E53}.Ad-Hoc|iPhoneSimulator.Deploy.0 = Ad-Hoc|iPhoneSimulator
		{D9E85E2F-410E-4D8D-A78E-019CF6086E53}.Ad-Hoc|x64.ActiveCfg = Ad-Hoc|iPhone
		{D9E85E2F-410E-4D8D-A78E-019CF6086E53}.Ad-Hoc|x64.Build.0 = Ad-Hoc|iPhone
		{D9E85E2F-410E-4D8D-A78E-019CF6086E53}.Ad-Hoc|x64.Deploy.0 = Ad-Hoc|iPhone
		{D9E85E2F-410E-4D8D-A78E-019CF6086E53}.Ad-Hoc|x86.ActiveCfg = Ad-Hoc|iPhone
		{D9E85E2F-410E-4D8D-A78E-019CF6086E53}.Ad-Hoc|x86.Build.0 = Ad-Hoc|iPhone
		{D9E85E2F-410E-4D8D-A78E-019CF6086E53}.Ad-Hoc|x86.Deploy.0 = Ad-Hoc|iPhone
		{D9E85E2F-410E-4D8D-A78E-019CF6086E53}.AppStore|Any CPU.ActiveCfg = AppStore|iPhone
		{D9E85E2F-410E-4D8D-A78E-019CF6086E53}.AppStore|Any CPU.Build.0 = AppStore|iPhone
		{D9E85E2F-410E-4D8D-A78E-019CF6086E53}.AppStore|Any CPU.Deploy.0 = AppStore|iPhone
		{D9E85E2F-410E-4D8D-A78E-019CF6086E53}.AppStore|ARM.ActiveCfg = AppStore|iPhone
		{D9E85E2F-410E-4D8D-A78E-019CF6086E53}.AppStore|ARM.Build.0 = AppStore|iPhone
		{D9E85E2F-410E-4D8D-A78E-019CF6086E53}.AppStore|ARM.Deploy.0 = AppStore|iPhone
		{D9E85E2F-410E-4D8D-A78E-019CF6086E53}.AppStore|iPhone.ActiveCfg = AppStore|iPhone
		{D9E85E2F-410E-4D8D-A78E-019CF6086E53}.AppStore|iPhone.Build.0 = AppStore|iPhone
		{D9E85E2F-410E-4D8D-A78E-019CF6086E53}.AppStore|iPhone.Deploy.0 = AppStore|iPhone
		{D9E85E2F-410E-4D8D-A78E-019CF6086E53}.AppStore|iPhoneSimulator.ActiveCfg = AppStore|iPhoneSimulator
		{D9E85E2F-410E-4D8D-A78E-019CF6086E53}.AppStore|iPhoneSimulator.Build.0 = AppStore|iPhoneSimulator
		{D9E85E2F-410E-4D8D-A78E-019CF6086E53}.AppStore|iPhoneSimulator.Deploy.0 = AppStore|iPhoneSimulator
		{D9E85E2F-410E-4D8D-A78E-019CF6086E53}.AppStore|x64.ActiveCfg = AppStore|iPhone
		{D9E85E2F-410E-4D8D-A78E-019CF6086E53}.AppStore|x64.Build.0 = AppStore|iPhone
		{D9E85E2F-410E-4D8D-A78E-019CF6086E53}.AppStore|x64.Deploy.0 = AppStore|iPhone
		{D9E85E2F-410E-4D8D-A78E-019CF6086E53}.AppStore|x86.ActiveCfg = AppStore|iPhone
		{D9E85E2F-410E-4D8D-A78E-019CF6086E53}.AppStore|x86.Build.0 = AppStore|iPhone
		{D9E85E2F-410E-4D8D-A78E-019CF6086E53}.AppStore|x86.Deploy.0 = AppStore|iPhone
		{D9E85E2F-410E-4D8D-A78E-019CF6086E53}.Debug|Any CPU.ActiveCfg = Debug|iPhoneSimulator
		{D9E85E2F-410E-4D8D-A78E-019CF6086E53}.Debug|Any CPU.Build.0 = Debug|iPhoneSimulator
		{D9E85E2F-410E-4D8D-A78E-019CF6086E53}.Debug|Any CPU.Deploy.0 = Debug|iPhoneSimulator
		{D9E85E2F-410E-4D8D-A78E-019CF6086E53}.Debug|ARM.ActiveCfg = Debug|iPhone
		{D9E85E2F-410E-4D8D-A78E-019CF6086E53}.Debug|ARM.Build.0 = Debug|iPhone
		{D9E85E2F-410E-4D8D-A78E-019CF6086E53}.Debug|ARM.Deploy.0 = Debug|iPhone
		{D9E85E2F-410E-4D8D-A78E-019CF6086E53}.Debug|iPhone.ActiveCfg = Debug|iPhone
		{D9E85E2F-410E-4D8D-A78E-019CF6086E53}.Debug|iPhone.Build.0 = Debug|iPhone
		{D9E85E2F-410E-4D8D-A78E-019CF6086E53}.Debug|iPhone.Deploy.0 = Debug|iPhone
		{D9E85E2F-410E-4D8D-A78E-019CF6086E53}.Debug|iPhoneSimulator.ActiveCfg = Debug|iPhoneSimulator
		{D9E85E2F-410E-4D8D-A78E-019CF6086E53}.Debug|iPhoneSimulator.Build.0 = Debug|iPhoneSimulator
		{D9E85E2F-410E-4D8D-A78E-019CF6086E53}.Debug|iPhoneSimulator.Deploy.0 = Debug|iPhoneSimulator
		{D9E85E2F-410E-4D8D-A78E-019CF6086E53}.Debug|x64.ActiveCfg = Debug|iPhone
		{D9E85E2F-410E-4D8D-A78E-019CF6086E53}.Debug|x64.Build.0 = Debug|iPhone
		{D9E85E2F-410E-4D8D-A78E-019CF6086E53}.Debug|x64.Deploy.0 = Debug|iPhone
		{D9E85E2F-410E-4D8D-A78E-019CF6086E53}.Debug|x86.ActiveCfg = Debug|iPhone
		{D9E85E2F-410E-4D8D-A78E-019CF6086E53}.Debug|x86.Build.0 = Debug|iPhone
		{D9E85E2F-410E-4D8D-A78E-019CF6086E53}.Debug|x86.Deploy.0 = Debug|iPhone
		{D9E85E2F-410E-4D8D-A78E-019CF6086E53}.Release|Any CPU.ActiveCfg = Release|iPhone
		{D9E85E2F-410E-4D8D-A78E-019CF6086E53}.Release|Any CPU.Build.0 = Release|iPhone
		{D9E85E2F-410E-4D8D-A78E-019CF6086E53}.Release|Any CPU.Deploy.0 = Release|iPhone
		{D9E85E2F-410E-4D8D-A78E-019CF6086E53}.Release|ARM.ActiveCfg = Release|iPhone
		{D9E85E2F-410E-4D8D-A78E-019CF6086E53}.Release|ARM.Build.0 = Release|iPhone
		{D9E85E2F-410E-4D8D-A78E-019CF6086E53}.Release|ARM.Deploy.0 = Release|iPhone
		{D9E85E2F-410E-4D8D-A78E-019CF6086E53}.Release|iPhone.ActiveCfg = Release|iPhone
		{D9E85E2F-410E-4D8D-A78E-019CF6086E53}.Release|iPhone.Build.0 = Release|iPhone
		{D9E85E2F-410E-4D8D-A78E-019CF6086E53}.Release|iPhone.Deploy.0 = Release|iPhone
		{D9E85E2F-410E-4D8D-A78E-019CF6086E53}.Release|iPhoneSimulator.ActiveCfg = Release|iPhoneSimulator
		{D9E85E2F-410E-4D8D-A78E-019CF6086E53}.Release|iPhoneSimulator.Build.0 = Release|iPhoneSimulator
		{D9E85E2F-410E-4D8D-A78E-019CF6086E53}.Release|iPhoneSimulator.Deploy.0 = Release|iPhoneSimulator
		{D9E85E2F-410E-4D8D-A78E-019CF6086E53}.Release|x64.ActiveCfg = Release|iPhone
		{D9E85E2F-410E-4D8D-A78E-019CF6086E53}.Release|x64.Build.0 = Release|iPhone
		{D9E85E2F-410E-4D8D-A78E-019CF6086E53}.Release|x64.Deploy.0 = Release|iPhone
		{D9E85E2F-410E-4D8D-A78E-019CF6086E53}.Release|x86.ActiveCfg = Release|iPhone
		{D9E85E2F-410E-4D8D-A78E-019CF6086E53}.Release|x86.Build.0 = Release|iPhone
		{D9E85E2F-410E-4D8D-A78E-019CF6086E53}.Release|x86.Deploy.0 = Release|iPhone
		{A1FBCDDF-7D9A-4E83-85AB-28EC76F0B640}.Ad-Hoc|Any CPU.ActiveCfg = Release|x86
		{A1FBCDDF-7D9A-4E83-85AB-28EC76F0B640}.Ad-Hoc|Any CPU.Build.0 = Release|x86
		{A1FBCDDF-7D9A-4E83-85AB-28EC76F0B640}.Ad-Hoc|Any CPU.Deploy.0 = Release|x86
		{A1FBCDDF-7D9A-4E83-85AB-28EC76F0B640}.Ad-Hoc|ARM.ActiveCfg = Release|ARM
		{A1FBCDDF-7D9A-4E83-85AB-28EC76F0B640}.Ad-Hoc|ARM.Build.0 = Release|ARM
		{A1FBCDDF-7D9A-4E83-85AB-28EC76F0B640}.Ad-Hoc|ARM.Deploy.0 = Release|ARM
		{A1FBCDDF-7D9A-4E83-85AB-28EC76F0B640}.Ad-Hoc|iPhone.ActiveCfg = Release|x86
		{A1FBCDDF-7D9A-4E83-85AB-28EC76F0B640}.Ad-Hoc|iPhone.Build.0 = Release|x86
		{A1FBCDDF-7D9A-4E83-85AB-28EC76F0B640}.Ad-Hoc|iPhone.Deploy.0 = Release|x86
		{A1FBCDDF-7D9A-4E83-85AB-28EC76F0B640}.Ad-Hoc|iPhoneSimulator.ActiveCfg = Release|x86
		{A1FBCDDF-7D9A-4E83-85AB-28EC76F0B640}.Ad-Hoc|iPhoneSimulator.Build.0 = Release|x86
		{A1FBCDDF-7D9A-4E83-85AB-28EC76F0B640}.Ad-Hoc|iPhoneSimulator.Deploy.0 = Release|x86
		{A1FBCDDF-7D9A-4E83-85AB-28EC76F0B640}.Ad-Hoc|x64.ActiveCfg = Release|x64
		{A1FBCDDF-7D9A-4E83-85AB-28EC76F0B640}.Ad-Hoc|x64.Build.0 = Release|x64
		{A1FBCDDF-7D9A-4E83-85AB-28EC76F0B640}.Ad-Hoc|x64.Deploy.0 = Release|x64
		{A1FBCDDF-7D9A-4E83-85AB-28EC76F0B640}.Ad-Hoc|x86.ActiveCfg = Release|x86
		{A1FBCDDF-7D9A-4E83-85AB-28EC76F0B640}.Ad-Hoc|x86.Build.0 = Release|x86
		{A1FBCDDF-7D9A-4E83-85AB-28EC76F0B640}.Ad-Hoc|x86.Deploy.0 = Release|x86
		{A1FBCDDF-7D9A-4E83-85AB-28EC76F0B640}.AppStore|Any CPU.ActiveCfg = Release|x86
		{A1FBCDDF-7D9A-4E83-85AB-28EC76F0B640}.AppStore|Any CPU.Build.0 = Release|x86
		{A1FBCDDF-7D9A-4E83-85AB-28EC76F0B640}.AppStore|Any CPU.Deploy.0 = Release|x86
		{A1FBCDDF-7D9A-4E83-85AB-28EC76F0B640}.AppStore|ARM.ActiveCfg = Release|ARM
		{A1FBCDDF-7D9A-4E83-85AB-28EC76F0B640}.AppStore|ARM.Build.0 = Release|ARM
		{A1FBCDDF-7D9A-4E83-85AB-28EC76F0B640}.AppStore|ARM.Deploy.0 = Release|ARM
		{A1FBCDDF-7D9A-4E83-85AB-28EC76F0B640}.AppStore|iPhone.ActiveCfg = Release|x86
		{A1FBCDDF-7D9A-4E83-85AB-28EC76F0B640}.AppStore|iPhone.Build.0 = Release|x86
		{A1FBCDDF-7D9A-4E83-85AB-28EC76F0B640}.AppStore|iPhone.Deploy.0 = Release|x86
		{A1FBCDDF-7D9A-4E83-85AB-28EC76F0B640}.AppStore|iPhoneSimulator.ActiveCfg = Release|x86
		{A1FBCDDF-7D9A-4E83-85AB-28EC76F0B640}.AppStore|iPhoneSimulator.Build.0 = Release|x86
		{A1FBCDDF-7D9A-4E83-85AB-28EC76F0B640}.AppStore|iPhoneSimulator.Deploy.0 = Release|x86
		{A1FBCDDF-7D9A-4E83-85AB-28EC76F0B640}.AppStore|x64.ActiveCfg = Release|x64
		{A1FBCDDF-7D9A-4E83-85AB-28EC76F0B640}.AppStore|x64.Build.0 = Release|x64
		{A1FBCDDF-7D9A-4E83-85AB-28EC76F0B640}.AppStore|x64.Deploy.0 = Release|x64
		{A1FBCDDF-7D9A-4E83-85AB-28EC76F0B640}.AppStore|x86.ActiveCfg = Release|x86
		{A1FBCDDF-7D9A-4E83-85AB-28EC76F0B640}.AppStore|x86.Build.0 = Release|x86
		{A1FBCDDF-7D9A-4E83-85AB-28EC76F0B640}.AppStore|x86.Deploy.0 = Release|x86
		{A1FBCDDF-7D9A-4E83-85AB-28EC76F0B640}.Debug|Any CPU.ActiveCfg = Debug|x86
		{A1FBCDDF-7D9A-4E83-85AB-28EC76F0B640}.Debug|Any CPU.Build.0 = Debug|x86
		{A1FBCDDF-7D9A-4E83-85AB-28EC76F0B640}.Debug|Any CPU.Deploy.0 = Debug|x86
		{A1FBCDDF-7D9A-4E83-85AB-28EC76F0B640}.Debug|ARM.ActiveCfg = Debug|ARM
		{A1FBCDDF-7D9A-4E83-85AB-28EC76F0B640}.Debug|ARM.Build.0 = Debug|ARM
		{A1FBCDDF-7D9A-4E83-85AB-28EC76F0B640}.Debug|ARM.Deploy.0 = Debug|ARM
		{A1FBCDDF-7D9A-4E83-85AB-28EC76F0B640}.Debug|iPhone.ActiveCfg = Debug|x86
		{A1FBCDDF-7D9A-4E83-85AB-28EC76F0B640}.Debug|iPhone.Build.0 = Debug|x86
		{A1FBCDDF-7D9A-4E83-85AB-28EC76F0B640}.Debug|iPhone.Deploy.0 = Debug|x86
		{A1FBCDDF-7D9A-4E83-85AB-28EC76F0B640}.Debug|iPhoneSimulator.ActiveCfg = Debug|x86
		{A1FBCDDF-7D9A-4E83-85AB-28EC76F0B640}.Debug|iPhoneSimulator.Build.0 = Debug|x86
		{A1FBCDDF-7D9A-4E83-85AB-28EC76F0B640}.Debug|iPhoneSimulator.Deploy.0 = Debug|x86
		{A1FBCDDF-7D9A-4E83-85AB-28EC76F0B640}.Debug|x64.ActiveCfg = Debug|x64
		{A1FBCDDF-7D9A-4E83-85AB-28EC76F0B640}.Debug|x64.Build.0 = Debug|x64
		{A1FBCDDF-7D9A-4E83-85AB-28EC76F0B640}.Debug|x64.Deploy.0 = Debug|x64
		{A1FBCDDF-7D9A-4E83-85AB-28EC76F0B640}.Debug|x86.ActiveCfg = Debug|x86
		{A1FBCDDF-7D9A-4E83-85AB-28EC76F0B640}.Debug|x86.Build.0 = Debug|x86
		{A1FBCDDF-7D9A-4E83-85AB-28EC76F0B640}.Debug|x86.Deploy.0 = Debug|x86
		{A1FBCDDF-7D9A-4E83-85AB-28EC76F0B640}.Release|Any CPU.ActiveCfg = Release|x86
		{A1FBCDDF-7D9A-4E83-85AB-28EC76F0B640}.Release|Any CPU.Build.0 = Release|x86
		{A1FBCDDF-7D9A-4E83-85AB-28EC76F0B640}.Release|Any CPU.Deploy.0 = Release|x86
		{A1FBCDDF-7D9A-4E83-85AB-28EC76F0B640}.Release|ARM.ActiveCfg = Release|ARM
		{A1FBCDDF-7D9A-4E83-85AB-28EC76F0B640}.Release|ARM.Build.0 = Release|ARM
		{A1FBCDDF-7D9A-4E83-85AB-28EC76F0B640}.Release|ARM.Deploy.0 = Release|ARM
		{A1FBCDDF-7D9A-4E83-85AB-28EC76F0B640}.Release|iPhone.ActiveCfg = Release|x86
		{A1FBCDDF-7D9A-4E83-85AB-28EC76F0B640}.Release|iPhone.Build.0 = Release|x86
		{A1FBCDDF-7D9A-4E83-85AB-28EC76F0B640}.Release|iPhone.Deploy.0 = Release|x86
		{A1FBCDDF-7D9A-4E83-85AB-28EC76F0B640}.Release|iPhoneSimulator.ActiveCfg = Release|x86
		{A1FBCDDF-7D9A-4E83-85AB-28EC76F0B640}.Release|iPhoneSimulator.Build.0 = Release|x86
		{A1FBCDDF-7D9A-4E83-85AB-28EC76F0B640}.Release|iPhoneSimulator.Deploy.0 = Release|x86
		{A1FBCDDF-7D9A-4E83-85AB-28EC76F0B640}.Release|x64.ActiveCfg = Release|x64
		{A1FBCDDF-7D9A-4E83-85AB-28EC76F0B640}.Release|x64.Build.0 = Release|x64
		{A1FBCDDF-7D9A-4E83-85AB-28EC76F0B640}.Release|x64.Deploy.0 = Release|x64
		{A1FBCDDF-7D9A-4E83-85AB-28EC76F0B640}.Release|x86.ActiveCfg = Release|x86
		{A1FBCDDF-7D9A-4E83-85AB-28EC76F0B640}.Release|x86.Build.0 = Release|x86
		{A1FBCDDF-7D9A-4E83-85AB-28EC76F0B640}.Release|x86.Deploy.0 = Release|x86
		{D2A74800-56CC-425E-834E-CCBC9D069B7E}.Ad-Hoc|Any CPU.ActiveCfg = Debug|Any CPU
		{D2A74800-56CC-425E-834E-CCBC9D069B7E}.Ad-Hoc|Any CPU.Build.0 = Debug|Any CPU
		{D2A74800-56CC-425E-834E-CCBC9D069B7E}.Ad-Hoc|Any CPU.Deploy.0 = Debug|Any CPU
		{D2A74800-56CC-425E-834E-CCBC9D069B7E}.Ad-Hoc|ARM.ActiveCfg = Debug|Any CPU
		{D2A74800-56CC-425E-834E-CCBC9D069B7E}.Ad-Hoc|ARM.Build.0 = Debug|Any CPU
		{D2A74800-56CC-425E-834E-CCBC9D069B7E}.Ad-Hoc|ARM.Deploy.0 = Debug|Any CPU
		{D2A74800-56CC-425E-834E-CCBC9D069B7E}.Ad-Hoc|iPhone.ActiveCfg = Debug|Any CPU
		{D2A74800-56CC-425E-834E-CCBC9D069B7E}.Ad-Hoc|iPhone.Build.0 = Debug|Any CPU
		{D2A74800-56CC-425E-834E-CCBC9D069B7E}.Ad-Hoc|iPhone.Deploy.0 = Debug|Any CPU
		{D2A74800-56CC-425E-834E-CCBC9D069B7E}.Ad-Hoc|iPhoneSimulator.ActiveCfg = Debug|Any CPU
		{D2A74800-56CC-425E-834E-CCBC9D069B7E}.Ad-Hoc|iPhoneSimulator.Build.0 = Debug|Any CPU
		{D2A74800-56CC-425E-834E-CCBC9D069B7E}.Ad-Hoc|iPhoneSimulator.Deploy.0 = Debug|Any CPU
		{D2A74800-56CC-425E-834E-CCBC9D069B7E}.Ad-Hoc|x64.ActiveCfg = Debug|Any CPU
		{D2A74800-56CC-425E-834E-CCBC9D069B7E}.Ad-Hoc|x64.Build.0 = Debug|Any CPU
		{D2A74800-56CC-425E-834E-CCBC9D069B7E}.Ad-Hoc|x64.Deploy.0 = Debug|Any CPU
		{D2A74800-56CC-425E-834E-CCBC9D069B7E}.Ad-Hoc|x86.ActiveCfg = Debug|Any CPU
		{D2A74800-56CC-425E-834E-CCBC9D069B7E}.Ad-Hoc|x86.Build.0 = Debug|Any CPU
		{D2A74800-56CC-425E-834E-CCBC9D069B7E}.Ad-Hoc|x86.Deploy.0 = Debug|Any CPU
		{D2A74800-56CC-425E-834E-CCBC9D069B7E}.AppStore|Any CPU.ActiveCfg = Debug|Any CPU
		{D2A74800-56CC-425E-834E-CCBC9D069B7E}.AppStore|Any CPU.Build.0 = Debug|Any CPU
		{D2A74800-56CC-425E-834E-CCBC9D069B7E}.AppStore|Any CPU.Deploy.0 = Debug|Any CPU
		{D2A74800-56CC-425E-834E-CCBC9D069B7E}.AppStore|ARM.ActiveCfg = Debug|Any CPU
		{D2A74800-56CC-425E-834E-CCBC9D069B7E}.AppStore|ARM.Build.0 = Debug|Any CPU
		{D2A74800-56CC-425E-834E-CCBC9D069B7E}.AppStore|ARM.Deploy.0 = Debug|Any CPU
		{D2A74800-56CC-425E-834E-CCBC9D069B7E}.AppStore|iPhone.ActiveCfg = Debug|Any CPU
		{D2A74800-56CC-425E-834E-CCBC9D069B7E}.AppStore|iPhone.Build.0 = Debug|Any CPU
		{D2A74800-56CC-425E-834E-CCBC9D069B7E}.AppStore|iPhone.Deploy.0 = Debug|Any CPU
		{D2A74800-56CC-425E-834E-CCBC9D069B7E}.AppStore|iPhoneSimulator.ActiveCfg = Debug|Any CPU
		{D2A74800-56CC-425E-834E-CCBC9D069B7E}.AppStore|iPhoneSimulator.Build.0 = Debug|Any CPU
		{D2A74800-56CC-425E-834E-CCBC9D069B7E}.AppStore|iPhoneSimulator.Deploy.0 = Debug|Any CPU
		{D2A74800-56CC-425E-834E-CCBC9D069B7E}.AppStore|x64.ActiveCfg = Debug|Any CPU
		{D2A74800-56CC-425E-834E-CCBC9D069B7E}.AppStore|x64.Build.0 = Debug|Any CPU
		{D2A74800-56CC-425E-834E-CCBC9D069B7E}.AppStore|x64.Deploy.0 = Debug|Any CPU
		{D2A74800-56CC-425E-834E-CCBC9D069B7E}.AppStore|x86.ActiveCfg = Debug|Any CPU
		{D2A74800-56CC-425E-834E-CCBC9D069B7E}.AppStore|x86.Build.0 = Debug|Any CPU
		{D2A74800-56CC-425E-834E-CCBC9D069B7E}.AppStore|x86.Deploy.0 = Debug|Any CPU
		{D2A74800-56CC-425E-834E-CCBC9D069B7E}.Debug|Any CPU.ActiveCfg = Debug|Any CPU
		{D2A74800-56CC-425E-834E-CCBC9D069B7E}.Debug|Any CPU.Build.0 = Debug|Any CPU
		{D2A74800-56CC-425E-834E-CCBC9D069B7E}.Debug|Any CPU.Deploy.0 = Debug|Any CPU
		{D2A74800-56CC-425E-834E-CCBC9D069B7E}.Debug|ARM.ActiveCfg = Debug|Any CPU
		{D2A74800-56CC-425E-834E-CCBC9D069B7E}.Debug|ARM.Build.0 = Debug|Any CPU
		{D2A74800-56CC-425E-834E-CCBC9D069B7E}.Debug|ARM.Deploy.0 = Debug|Any CPU
		{D2A74800-56CC-425E-834E-CCBC9D069B7E}.Debug|iPhone.ActiveCfg = Debug|Any CPU
		{D2A74800-56CC-425E-834E-CCBC9D069B7E}.Debug|iPhone.Build.0 = Debug|Any CPU
		{D2A74800-56CC-425E-834E-CCBC9D069B7E}.Debug|iPhone.Deploy.0 = Debug|Any CPU
		{D2A74800-56CC-425E-834E-CCBC9D069B7E}.Debug|iPhoneSimulator.ActiveCfg = Debug|Any CPU
		{D2A74800-56CC-425E-834E-CCBC9D069B7E}.Debug|iPhoneSimulator.Build.0 = Debug|Any CPU
		{D2A74800-56CC-425E-834E-CCBC9D069B7E}.Debug|iPhoneSimulator.Deploy.0 = Debug|Any CPU
		{D2A74800-56CC-425E-834E-CCBC9D069B7E}.Debug|x64.ActiveCfg = Debug|Any CPU
		{D2A74800-56CC-425E-834E-CCBC9D069B7E}.Debug|x64.Build.0 = Debug|Any CPU
		{D2A74800-56CC-425E-834E-CCBC9D069B7E}.Debug|x64.Deploy.0 = Debug|Any CPU
		{D2A74800-56CC-425E-834E-CCBC9D069B7E}.Debug|x86.ActiveCfg = Debug|Any CPU
		{D2A74800-56CC-425E-834E-CCBC9D069B7E}.Debug|x86.Build.0 = Debug|Any CPU
		{D2A74800-56CC-425E-834E-CCBC9D069B7E}.Debug|x86.Deploy.0 = Debug|Any CPU
		{D2A74800-56CC-425E-834E-CCBC9D069B7E}.Release|Any CPU.ActiveCfg = Release|Any CPU
		{D2A74800-56CC-425E-834E-CCBC9D069B7E}.Release|Any CPU.Build.0 = Release|Any CPU
		{D2A74800-56CC-425E-834E-CCBC9D069B7E}.Release|Any CPU.Deploy.0 = Release|Any CPU
		{D2A74800-56CC-425E-834E-CCBC9D069B7E}.Release|ARM.ActiveCfg = Release|Any CPU
		{D2A74800-56CC-425E-834E-CCBC9D069B7E}.Release|ARM.Build.0 = Release|Any CPU
		{D2A74800-56CC-425E-834E-CCBC9D069B7E}.Release|ARM.Deploy.0 = Release|Any CPU
		{D2A74800-56CC-425E-834E-CCBC9D069B7E}.Release|iPhone.ActiveCfg = Release|Any CPU
		{D2A74800-56CC-425E-834E-CCBC9D069B7E}.Release|iPhone.Build.0 = Release|Any CPU
		{D2A74800-56CC-425E-834E-CCBC9D069B7E}.Release|iPhone.Deploy.0 = Release|Any CPU
		{D2A74800-56CC-425E-834E-CCBC9D069B7E}.Release|iPhoneSimulator.ActiveCfg = Release|Any CPU
		{D2A74800-56CC-425E-834E-CCBC9D069B7E}.Release|iPhoneSimulator.Build.0 = Release|Any CPU
		{D2A74800-56CC-425E-834E-CCBC9D069B7E}.Release|iPhoneSimulator.Deploy.0 = Release|Any CPU
		{D2A74800-56CC-425E-834E-CCBC9D069B7E}.Release|x64.ActiveCfg = Release|Any CPU
		{D2A74800-56CC-425E-834E-CCBC9D069B7E}.Release|x64.Build.0 = Release|Any CPU
		{D2A74800-56CC-425E-834E-CCBC9D069B7E}.Release|x64.Deploy.0 = Release|Any CPU
		{D2A74800-56CC-425E-834E-CCBC9D069B7E}.Release|x86.ActiveCfg = Release|Any CPU
		{D2A74800-56CC-425E-834E-CCBC9D069B7E}.Release|x86.Build.0 = Release|Any CPU
		{D2A74800-56CC-425E-834E-CCBC9D069B7E}.Release|x86.Deploy.0 = Release|Any CPU
	EndGlobalSection
	GlobalSection(SolutionProperties) = preSolution
		HideSolutionNode = FALSE
	EndGlobalSection
	GlobalSection(ExtensibilityGlobals) = postSolution
		SolutionGuid = {7CFE5204-E474-44EF-9062-9814CEBBFF32}
	EndGlobalSection
EndGlobal
